// !$*UTF8*$!
{
	archiveVersion = 1;
	classes = {
	};
	objectVersion = 56;
	objects = {

/* Begin PBXBuildFile section */
		7776FF162BEBA9AC00AC1BDC /* AppDelegate.swift in Sources */ = {isa = PBXBuildFile; fileRef = 7776FF152BEBA9AC00AC1BDC /* AppDelegate.swift */; };
		7776FF182BEBA9AC00AC1BDC /* SceneDelegate.swift in Sources */ = {isa = PBXBuildFile; fileRef = 7776FF172BEBA9AC00AC1BDC /* SceneDelegate.swift */; };
		7776FF1F2BEBA9AE00AC1BDC /* Assets.xcassets in Resources */ = {isa = PBXBuildFile; fileRef = 7776FF1E2BEBA9AE00AC1BDC /* Assets.xcassets */; };
		7776FF222BEBA9AE00AC1BDC /* Base in Resources */ = {isa = PBXBuildFile; fileRef = 7776FF212BEBA9AE00AC1BDC /* Base */; };
		7776FF342BEBAB5400AC1BDC /* NewsScreen.swift in Sources */ = {isa = PBXBuildFile; fileRef = 7776FF332BEBAB5400AC1BDC /* NewsScreen.swift */; };
		7776FF362BEBABBF00AC1BDC /* NewsViewModel.swift in Sources */ = {isa = PBXBuildFile; fileRef = 7776FF352BEBABBF00AC1BDC /* NewsViewModel.swift */; };
		7776FF382BEBAC9C00AC1BDC /* NewsDetailScreen.swift in Sources */ = {isa = PBXBuildFile; fileRef = 7776FF372BEBAC9C00AC1BDC /* NewsDetailScreen.swift */; };
		7776FF3A2BEBACFA00AC1BDC /* NewsDetailViewModel.swift in Sources */ = {isa = PBXBuildFile; fileRef = 7776FF392BEBACFA00AC1BDC /* NewsDetailViewModel.swift */; };
		7776FF3C2BEBADAA00AC1BDC /* FavoritesScreen.swift in Sources */ = {isa = PBXBuildFile; fileRef = 7776FF3B2BEBADAA00AC1BDC /* FavoritesScreen.swift */; };
		7776FF3E2BEBADEE00AC1BDC /* FavoritesViewModel.swift in Sources */ = {isa = PBXBuildFile; fileRef = 7776FF3D2BEBADEE00AC1BDC /* FavoritesViewModel.swift */; };
		7776FF402BEBB0D000AC1BDC /* NetworkManager.swift in Sources */ = {isa = PBXBuildFile; fileRef = 7776FF3F2BEBB0D000AC1BDC /* NetworkManager.swift */; };
		7776FF422BEBB19B00AC1BDC /* CustomErrors.swift in Sources */ = {isa = PBXBuildFile; fileRef = 7776FF412BEBB19B00AC1BDC /* CustomErrors.swift */; };
		7776FF442BEBB27700AC1BDC /* News.swift in Sources */ = {isa = PBXBuildFile; fileRef = 7776FF432BEBB27700AC1BDC /* News.swift */; };
		7776FF462BEBB29200AC1BDC /* API_URLs.swift in Sources */ = {isa = PBXBuildFile; fileRef = 7776FF452BEBB29200AC1BDC /* API_URLs.swift */; };
		7776FF492BEBB57100AC1BDC /* WebService.swift in Sources */ = {isa = PBXBuildFile; fileRef = 7776FF482BEBB57100AC1BDC /* WebService.swift */; };
		7776FF4D2BEBBA7700AC1BDC /* CGFloat+Ext.swift in Sources */ = {isa = PBXBuildFile; fileRef = 7776FF4A2BEBBA7700AC1BDC /* CGFloat+Ext.swift */; };
		7776FF4E2BEBBA7700AC1BDC /* UITableView+Ext.swift in Sources */ = {isa = PBXBuildFile; fileRef = 7776FF4B2BEBBA7700AC1BDC /* UITableView+Ext.swift */; };
		7776FF4F2BEBBA7700AC1BDC /* UIView+Ext.swift in Sources */ = {isa = PBXBuildFile; fileRef = 7776FF4C2BEBBA7700AC1BDC /* UIView+Ext.swift */; };
/* End PBXBuildFile section */

/* Begin PBXFileReference section */
		7776FF122BEBA9AC00AC1BDC /* Appcent_NewsApp.app */ = {isa = PBXFileReference; explicitFileType = wrapper.application; includeInIndex = 0; path = Appcent_NewsApp.app; sourceTree = BUILT_PRODUCTS_DIR; };
		7776FF152BEBA9AC00AC1BDC /* AppDelegate.swift */ = {isa = PBXFileReference; lastKnownFileType = sourcecode.swift; path = AppDelegate.swift; sourceTree = "<group>"; };
		7776FF172BEBA9AC00AC1BDC /* SceneDelegate.swift */ = {isa = PBXFileReference; lastKnownFileType = sourcecode.swift; path = SceneDelegate.swift; sourceTree = "<group>"; };
		7776FF1E2BEBA9AE00AC1BDC /* Assets.xcassets */ = {isa = PBXFileReference; lastKnownFileType = folder.assetcatalog; path = Assets.xcassets; sourceTree = "<group>"; };
		7776FF212BEBA9AE00AC1BDC /* Base */ = {isa = PBXFileReference; lastKnownFileType = file.storyboard; name = Base; path = Base.lproj/LaunchScreen.storyboard; sourceTree = "<group>"; };
		7776FF232BEBA9AE00AC1BDC /* Info.plist */ = {isa = PBXFileReference; lastKnownFileType = text.plist.xml; path = Info.plist; sourceTree = "<group>"; };
		7776FF332BEBAB5400AC1BDC /* NewsScreen.swift */ = {isa = PBXFileReference; lastKnownFileType = sourcecode.swift; path = NewsScreen.swift; sourceTree = "<group>"; };
		7776FF352BEBABBF00AC1BDC /* NewsViewModel.swift */ = {isa = PBXFileReference; lastKnownFileType = sourcecode.swift; path = NewsViewModel.swift; sourceTree = "<group>"; };
		7776FF372BEBAC9C00AC1BDC /* NewsDetailScreen.swift */ = {isa = PBXFileReference; lastKnownFileType = sourcecode.swift; path = NewsDetailScreen.swift; sourceTree = "<group>"; };
		7776FF392BEBACFA00AC1BDC /* NewsDetailViewModel.swift */ = {isa = PBXFileReference; lastKnownFileType = sourcecode.swift; path = NewsDetailViewModel.swift; sourceTree = "<group>"; };
		7776FF3B2BEBADAA00AC1BDC /* FavoritesScreen.swift */ = {isa = PBXFileReference; lastKnownFileType = sourcecode.swift; path = FavoritesScreen.swift; sourceTree = "<group>"; };
		7776FF3D2BEBADEE00AC1BDC /* FavoritesViewModel.swift */ = {isa = PBXFileReference; lastKnownFileType = sourcecode.swift; path = FavoritesViewModel.swift; sourceTree = "<group>"; };
		7776FF3F2BEBB0D000AC1BDC /* NetworkManager.swift */ = {isa = PBXFileReference; lastKnownFileType = sourcecode.swift; path = NetworkManager.swift; sourceTree = "<group>"; };
		7776FF412BEBB19B00AC1BDC /* CustomErrors.swift */ = {isa = PBXFileReference; lastKnownFileType = sourcecode.swift; path = CustomErrors.swift; sourceTree = "<group>"; };
		7776FF432BEBB27700AC1BDC /* News.swift */ = {isa = PBXFileReference; lastKnownFileType = sourcecode.swift; path = News.swift; sourceTree = "<group>"; };
		7776FF452BEBB29200AC1BDC /* API_URLs.swift */ = {isa = PBXFileReference; lastKnownFileType = sourcecode.swift; path = API_URLs.swift; sourceTree = "<group>"; };
		7776FF482BEBB57100AC1BDC /* WebService.swift */ = {isa = PBXFileReference; lastKnownFileType = sourcecode.swift; path = WebService.swift; sourceTree = "<group>"; };
		7776FF4A2BEBBA7700AC1BDC /* CGFloat+Ext.swift */ = {isa = PBXFileReference; fileEncoding = 4; lastKnownFileType = sourcecode.swift; path = "CGFloat+Ext.swift"; sourceTree = "<group>"; };
		7776FF4B2BEBBA7700AC1BDC /* UITableView+Ext.swift */ = {isa = PBXFileReference; fileEncoding = 4; lastKnownFileType = sourcecode.swift; path = "UITableView+Ext.swift"; sourceTree = "<group>"; };
		7776FF4C2BEBBA7700AC1BDC /* UIView+Ext.swift */ = {isa = PBXFileReference; fileEncoding = 4; lastKnownFileType = sourcecode.swift; path = "UIView+Ext.swift"; sourceTree = "<group>"; };
/* End PBXFileReference section */

/* Begin PBXFrameworksBuildPhase section */
		7776FF0F2BEBA9AC00AC1BDC /* Frameworks */ = {
			isa = PBXFrameworksBuildPhase;
			buildActionMask = 2147483647;
			files = (
			);
			runOnlyForDeploymentPostprocessing = 0;
		};
/* End PBXFrameworksBuildPhase section */

/* Begin PBXGroup section */
		7776FF092BEBA9AC00AC1BDC = {
			isa = PBXGroup;
			children = (
				7776FF142BEBA9AC00AC1BDC /* Appcent_NewsApp */,
				7776FF132BEBA9AC00AC1BDC /* Products */,
			);
			sourceTree = "<group>";
		};
		7776FF132BEBA9AC00AC1BDC /* Products */ = {
			isa = PBXGroup;
			children = (
				7776FF122BEBA9AC00AC1BDC /* Appcent_NewsApp.app */,
			);
			name = Products;
			sourceTree = "<group>";
		};
		7776FF142BEBA9AC00AC1BDC /* Appcent_NewsApp */ = {
			isa = PBXGroup;
			children = (
				7776FF292BEBAAE100AC1BDC /* App */,
				7776FF302BEBAB1700AC1BDC /* Extensions */,
				7776FF2E2BEBAB0500AC1BDC /* Utilities */,
				7776FF2F2BEBAB0E00AC1BDC /* Managers */,
				7776FF472BEBB56000AC1BDC /* Services */,
				7776FF2C2BEBAAF600AC1BDC /* Models */,
				7776FF2B2BEBAAEF00AC1BDC /* ViewModels */,
				7776FF2A2BEBAAE600AC1BDC /* Views */,
				7776FF1E2BEBA9AE00AC1BDC /* Assets.xcassets */,
				7776FF202BEBA9AE00AC1BDC /* LaunchScreen.storyboard */,
				7776FF232BEBA9AE00AC1BDC /* Info.plist */,
			);
			path = Appcent_NewsApp;
			sourceTree = "<group>";
		};
		7776FF292BEBAAE100AC1BDC /* App */ = {
			isa = PBXGroup;
			children = (
				7776FF152BEBA9AC00AC1BDC /* AppDelegate.swift */,
				7776FF172BEBA9AC00AC1BDC /* SceneDelegate.swift */,
			);
			path = App;
			sourceTree = "<group>";
		};
		7776FF2A2BEBAAE600AC1BDC /* Views */ = {
			isa = PBXGroup;
			children = (
				7776FF312BEBAB3700AC1BDC /* Screens */,
				7776FF322BEBAB3D00AC1BDC /* CustomViews */,
			);
			path = Views;
			sourceTree = "<group>";
		};
		7776FF2B2BEBAAEF00AC1BDC /* ViewModels */ = {
			isa = PBXGroup;
			children = (
				7776FF352BEBABBF00AC1BDC /* NewsViewModel.swift */,
				7776FF392BEBACFA00AC1BDC /* NewsDetailViewModel.swift */,
				7776FF3D2BEBADEE00AC1BDC /* FavoritesViewModel.swift */,
			);
			path = ViewModels;
			sourceTree = "<group>";
		};
		7776FF2C2BEBAAF600AC1BDC /* Models */ = {
			isa = PBXGroup;
			children = (
				7776FF432BEBB27700AC1BDC /* News.swift */,
			);
			path = Models;
			sourceTree = "<group>";
		};
		7776FF2E2BEBAB0500AC1BDC /* Utilities */ = {
			isa = PBXGroup;
			children = (
				7776FF412BEBB19B00AC1BDC /* CustomErrors.swift */,
				7776FF452BEBB29200AC1BDC /* API_URLs.swift */,
			);
			path = Utilities;
			sourceTree = "<group>";
		};
		7776FF2F2BEBAB0E00AC1BDC /* Managers */ = {
			isa = PBXGroup;
			children = (
				7776FF3F2BEBB0D000AC1BDC /* NetworkManager.swift */,
			);
			path = Managers;
			sourceTree = "<group>";
		};
		7776FF302BEBAB1700AC1BDC /* Extensions */ = {
			isa = PBXGroup;
			children = (
				7776FF4A2BEBBA7700AC1BDC /* CGFloat+Ext.swift */,
				7776FF4B2BEBBA7700AC1BDC /* UITableView+Ext.swift */,
				7776FF4C2BEBBA7700AC1BDC /* UIView+Ext.swift */,
			);
			path = Extensions;
			sourceTree = "<group>";
		};
		7776FF312BEBAB3700AC1BDC /* Screens */ = {
			isa = PBXGroup;
			children = (
				7776FF332BEBAB5400AC1BDC /* NewsScreen.swift */,
				7776FF372BEBAC9C00AC1BDC /* NewsDetailScreen.swift */,
				7776FF3B2BEBADAA00AC1BDC /* FavoritesScreen.swift */,
			);
			path = Screens;
			sourceTree = "<group>";
		};
		7776FF322BEBAB3D00AC1BDC /* CustomViews */ = {
			isa = PBXGroup;
			children = (
			);
			path = CustomViews;
			sourceTree = "<group>";
		};
		7776FF472BEBB56000AC1BDC /* Services */ = {
			isa = PBXGroup;
			children = (
				7776FF482BEBB57100AC1BDC /* WebService.swift */,
			);
			path = Services;
			sourceTree = "<group>";
		};
/* End PBXGroup section */

/* Begin PBXNativeTarget section */
		7776FF112BEBA9AC00AC1BDC /* Appcent_NewsApp */ = {
			isa = PBXNativeTarget;
			buildConfigurationList = 7776FF262BEBA9AE00AC1BDC /* Build configuration list for PBXNativeTarget "Appcent_NewsApp" */;
			buildPhases = (
				7776FF0E2BEBA9AC00AC1BDC /* Sources */,
				7776FF0F2BEBA9AC00AC1BDC /* Frameworks */,
				7776FF102BEBA9AC00AC1BDC /* Resources */,
			);
			buildRules = (
			);
			dependencies = (
			);
			name = Appcent_NewsApp;
			productName = Appcent_NewsApp;
			productReference = 7776FF122BEBA9AC00AC1BDC /* Appcent_NewsApp.app */;
			productType = "com.apple.product-type.application";
		};
/* End PBXNativeTarget section */

/* Begin PBXProject section */
		7776FF0A2BEBA9AC00AC1BDC /* Project object */ = {
			isa = PBXProject;
			attributes = {
				BuildIndependentTargetsInParallel = 1;
				LastSwiftUpdateCheck = 1530;
				LastUpgradeCheck = 1530;
				TargetAttributes = {
					7776FF112BEBA9AC00AC1BDC = {
						CreatedOnToolsVersion = 15.3;
					};
				};
			};
			buildConfigurationList = 7776FF0D2BEBA9AC00AC1BDC /* Build configuration list for PBXProject "Appcent_NewsApp" */;
			compatibilityVersion = "Xcode 14.0";
			developmentRegion = en;
			hasScannedForEncodings = 0;
			knownRegions = (
				en,
				Base,
			);
			mainGroup = 7776FF092BEBA9AC00AC1BDC;
			productRefGroup = 7776FF132BEBA9AC00AC1BDC /* Products */;
			projectDirPath = "";
			projectRoot = "";
			targets = (
				7776FF112BEBA9AC00AC1BDC /* Appcent_NewsApp */,
			);
		};
/* End PBXProject section */

/* Begin PBXResourcesBuildPhase section */
		7776FF102BEBA9AC00AC1BDC /* Resources */ = {
			isa = PBXResourcesBuildPhase;
			buildActionMask = 2147483647;
			files = (
				7776FF1F2BEBA9AE00AC1BDC /* Assets.xcassets in Resources */,
				7776FF222BEBA9AE00AC1BDC /* Base in Resources */,
			);
			runOnlyForDeploymentPostprocessing = 0;
		};
/* End PBXResourcesBuildPhase section */

/* Begin PBXSourcesBuildPhase section */
		7776FF0E2BEBA9AC00AC1BDC /* Sources */ = {
			isa = PBXSourcesBuildPhase;
			buildActionMask = 2147483647;
			files = (
				7776FF4F2BEBBA7700AC1BDC /* UIView+Ext.swift in Sources */,
				7776FF492BEBB57100AC1BDC /* WebService.swift in Sources */,
				7776FF462BEBB29200AC1BDC /* API_URLs.swift in Sources */,
				7776FF402BEBB0D000AC1BDC /* NetworkManager.swift in Sources */,
				7776FF422BEBB19B00AC1BDC /* CustomErrors.swift in Sources */,
				7776FF3A2BEBACFA00AC1BDC /* NewsDetailViewModel.swift in Sources */,
				7776FF162BEBA9AC00AC1BDC /* AppDelegate.swift in Sources */,
				7776FF3E2BEBADEE00AC1BDC /* FavoritesViewModel.swift in Sources */,
				7776FF182BEBA9AC00AC1BDC /* SceneDelegate.swift in Sources */,
				7776FF442BEBB27700AC1BDC /* News.swift in Sources */,
				7776FF342BEBAB5400AC1BDC /* NewsScreen.swift in Sources */,
				7776FF3C2BEBADAA00AC1BDC /* FavoritesScreen.swift in Sources */,
				7776FF362BEBABBF00AC1BDC /* NewsViewModel.swift in Sources */,
				7776FF4E2BEBBA7700AC1BDC /* UITableView+Ext.swift in Sources */,
				7776FF4D2BEBBA7700AC1BDC /* CGFloat+Ext.swift in Sources */,
				7776FF382BEBAC9C00AC1BDC /* NewsDetailScreen.swift in Sources */,
			);
			runOnlyForDeploymentPostprocessing = 0;
		};
/* End PBXSourcesBuildPhase section */

/* Begin PBXVariantGroup section */
		7776FF202BEBA9AE00AC1BDC /* LaunchScreen.storyboard */ = {
			isa = PBXVariantGroup;
			children = (
				7776FF212BEBA9AE00AC1BDC /* Base */,
			);
			name = LaunchScreen.storyboard;
			sourceTree = "<group>";
		};
/* End PBXVariantGroup section */

/* Begin XCBuildConfiguration section */
		7776FF242BEBA9AE00AC1BDC /* Debug */ = {
			isa = XCBuildConfiguration;
			buildSettings = {
				ALWAYS_SEARCH_USER_PATHS = NO;
				ASSETCATALOG_COMPILER_GENERATE_SWIFT_ASSET_SYMBOL_EXTENSIONS = YES;
				CLANG_ANALYZER_NONNULL = YES;
				CLANG_ANALYZER_NUMBER_OBJECT_CONVERSION = YES_AGGRESSIVE;
				CLANG_CXX_LANGUAGE_STANDARD = "gnu++20";
				CLANG_ENABLE_MODULES = YES;
				CLANG_ENABLE_OBJC_ARC = YES;
				CLANG_ENABLE_OBJC_WEAK = YES;
				CLANG_WARN_BLOCK_CAPTURE_AUTORELEASING = YES;
				CLANG_WARN_BOOL_CONVERSION = YES;
				CLANG_WARN_COMMA = YES;
				CLANG_WARN_CONSTANT_CONVERSION = YES;
				CLANG_WARN_DEPRECATED_OBJC_IMPLEMENTATIONS = YES;
				CLANG_WARN_DIRECT_OBJC_ISA_USAGE = YES_ERROR;
				CLANG_WARN_DOCUMENTATION_COMMENTS = YES;
				CLANG_WARN_EMPTY_BODY = YES;
				CLANG_WARN_ENUM_CONVERSION = YES;
				CLANG_WARN_INFINITE_RECURSION = YES;
				CLANG_WARN_INT_CONVERSION = YES;
				CLANG_WARN_NON_LITERAL_NULL_CONVERSION = YES;
				CLANG_WARN_OBJC_IMPLICIT_RETAIN_SELF = YES;
				CLANG_WARN_OBJC_LITERAL_CONVERSION = YES;
				CLANG_WARN_OBJC_ROOT_CLASS = YES_ERROR;
				CLANG_WARN_QUOTED_INCLUDE_IN_FRAMEWORK_HEADER = YES;
				CLANG_WARN_RANGE_LOOP_ANALYSIS = YES;
				CLANG_WARN_STRICT_PROTOTYPES = YES;
				CLANG_WARN_SUSPICIOUS_MOVE = YES;
				CLANG_WARN_UNGUARDED_AVAILABILITY = YES_AGGRESSIVE;
				CLANG_WARN_UNREACHABLE_CODE = YES;
				CLANG_WARN__DUPLICATE_METHOD_MATCH = YES;
				COPY_PHASE_STRIP = NO;
				DEBUG_INFORMATION_FORMAT = dwarf;
				ENABLE_STRICT_OBJC_MSGSEND = YES;
				ENABLE_TESTABILITY = YES;
				ENABLE_USER_SCRIPT_SANDBOXING = YES;
				GCC_C_LANGUAGE_STANDARD = gnu17;
				GCC_DYNAMIC_NO_PIC = NO;
				GCC_NO_COMMON_BLOCKS = YES;
				GCC_OPTIMIZATION_LEVEL = 0;
				GCC_PREPROCESSOR_DEFINITIONS = (
					"DEBUG=1",
					"$(inherited)",
				);
				GCC_WARN_64_TO_32_BIT_CONVERSION = YES;
				GCC_WARN_ABOUT_RETURN_TYPE = YES_ERROR;
				GCC_WARN_UNDECLARED_SELECTOR = YES;
				GCC_WARN_UNINITIALIZED_AUTOS = YES_AGGRESSIVE;
				GCC_WARN_UNUSED_FUNCTION = YES;
				GCC_WARN_UNUSED_VARIABLE = YES;
				IPHONEOS_DEPLOYMENT_TARGET = 17.4;
				LOCALIZATION_PREFERS_STRING_CATALOGS = YES;
				MTL_ENABLE_DEBUG_INFO = INCLUDE_SOURCE;
				MTL_FAST_MATH = YES;
				ONLY_ACTIVE_ARCH = YES;
				SDKROOT = iphoneos;
				SWIFT_ACTIVE_COMPILATION_CONDITIONS = "DEBUG $(inherited)";
				SWIFT_OPTIMIZATION_LEVEL = "-Onone";
			};
			name = Debug;
		};
		7776FF252BEBA9AE00AC1BDC /* Release */ = {
			isa = XCBuildConfiguration;
			buildSettings = {
				ALWAYS_SEARCH_USER_PATHS = NO;
				ASSETCATALOG_COMPILER_GENERATE_SWIFT_ASSET_SYMBOL_EXTENSIONS = YES;
				CLANG_ANALYZER_NONNULL = YES;
				CLANG_ANALYZER_NUMBER_OBJECT_CONVERSION = YES_AGGRESSIVE;
				CLANG_CXX_LANGUAGE_STANDARD = "gnu++20";
				CLANG_ENABLE_MODULES = YES;
				CLANG_ENABLE_OBJC_ARC = YES;
				CLANG_ENABLE_OBJC_WEAK = YES;
				CLANG_WARN_BLOCK_CAPTURE_AUTORELEASING = YES;
				CLANG_WARN_BOOL_CONVERSION = YES;
				CLANG_WARN_COMMA = YES;
				CLANG_WARN_CONSTANT_CONVERSION = YES;
				CLANG_WARN_DEPRECATED_OBJC_IMPLEMENTATIONS = YES;
				CLANG_WARN_DIRECT_OBJC_ISA_USAGE = YES_ERROR;
				CLANG_WARN_DOCUMENTATION_COMMENTS = YES;
				CLANG_WARN_EMPTY_BODY = YES;
				CLANG_WARN_ENUM_CONVERSION = YES;
				CLANG_WARN_INFINITE_RECURSION = YES;
				CLANG_WARN_INT_CONVERSION = YES;
				CLANG_WARN_NON_LITERAL_NULL_CONVERSION = YES;
				CLANG_WARN_OBJC_IMPLICIT_RETAIN_SELF = YES;
				CLANG_WARN_OBJC_LITERAL_CONVERSION = YES;
				CLANG_WARN_OBJC_ROOT_CLASS = YES_ERROR;
				CLANG_WARN_QUOTED_INCLUDE_IN_FRAMEWORK_HEADER = YES;
				CLANG_WARN_RANGE_LOOP_ANALYSIS = YES;
				CLANG_WARN_STRICT_PROTOTYPES = YES;
				CLANG_WARN_SUSPICIOUS_MOVE = YES;
				CLANG_WARN_UNGUARDED_AVAILABILITY = YES_AGGRESSIVE;
				CLANG_WARN_UNREACHABLE_CODE = YES;
				CLANG_WARN__DUPLICATE_METHOD_MATCH = YES;
				COPY_PHASE_STRIP = NO;
				DEBUG_INFORMATION_FORMAT = "dwarf-with-dsym";
				ENABLE_NS_ASSERTIONS = NO;
				ENABLE_STRICT_OBJC_MSGSEND = YES;
				ENABLE_USER_SCRIPT_SANDBOXING = YES;
				GCC_C_LANGUAGE_STANDARD = gnu17;
				GCC_NO_COMMON_BLOCKS = YES;
				GCC_WARN_64_TO_32_BIT_CONVERSION = YES;
				GCC_WARN_ABOUT_RETURN_TYPE = YES_ERROR;
				GCC_WARN_UNDECLARED_SELECTOR = YES;
				GCC_WARN_UNINITIALIZED_AUTOS = YES_AGGRESSIVE;
				GCC_WARN_UNUSED_FUNCTION = YES;
				GCC_WARN_UNUSED_VARIABLE = YES;
				IPHONEOS_DEPLOYMENT_TARGET = 17.4;
				LOCALIZATION_PREFERS_STRING_CATALOGS = YES;
				MTL_ENABLE_DEBUG_INFO = NO;
				MTL_FAST_MATH = YES;
				SDKROOT = iphoneos;
				SWIFT_COMPILATION_MODE = wholemodule;
				VALIDATE_PRODUCT = YES;
			};
			name = Release;
		};
		7776FF272BEBA9AE00AC1BDC /* Debug */ = {
			isa = XCBuildConfiguration;
			buildSettings = {
				ASSETCATALOG_COMPILER_APPICON_NAME = AppIcon;
				ASSETCATALOG_COMPILER_GLOBAL_ACCENT_COLOR_NAME = AccentColor;
				CODE_SIGN_STYLE = Automatic;
				CURRENT_PROJECT_VERSION = 1;
				DEVELOPMENT_TEAM = 76ZJ9H6F4F;
				GENERATE_INFOPLIST_FILE = YES;
				INFOPLIST_FILE = Appcent_NewsApp/Info.plist;
				INFOPLIST_KEY_UIApplicationSupportsIndirectInputEvents = YES;
				INFOPLIST_KEY_UILaunchStoryboardName = LaunchScreen;
				INFOPLIST_KEY_UISupportedInterfaceOrientations_iPad = "UIInterfaceOrientationPortrait UIInterfaceOrientationPortraitUpsideDown UIInterfaceOrientationLandscapeLeft UIInterfaceOrientationLandscapeRight";
				INFOPLIST_KEY_UISupportedInterfaceOrientations_iPhone = "UIInterfaceOrientationPortrait UIInterfaceOrientationLandscapeLeft UIInterfaceOrientationLandscapeRight";
				LD_RUNPATH_SEARCH_PATHS = (
					"$(inherited)",
					"@executable_path/Frameworks",
				);
				MARKETING_VERSION = 1.0;
				PRODUCT_BUNDLE_IDENTIFIER = "com.ozguncanbeydili.Appcent-NewsApp";
				PRODUCT_NAME = "$(TARGET_NAME)";
				SWIFT_EMIT_LOC_STRINGS = YES;
				SWIFT_VERSION = 5.0;
				TARGETED_DEVICE_FAMILY = "1,2";
			};
			name = Debug;
		};
		7776FF282BEBA9AE00AC1BDC /* Release */ = {
			isa = XCBuildConfiguration;
			buildSettings = {
				ASSETCATALOG_COMPILER_APPICON_NAME = AppIcon;
				ASSETCATALOG_COMPILER_GLOBAL_ACCENT_COLOR_NAME = AccentColor;
				CODE_SIGN_STYLE = Automatic;
				CURRENT_PROJECT_VERSION = 1;
				DEVELOPMENT_TEAM = 76ZJ9H6F4F;
				GENERATE_INFOPLIST_FILE = YES;
				INFOPLIST_FILE = Appcent_NewsApp/Info.plist;
				INFOPLIST_KEY_UIApplicationSupportsIndirectInputEvents = YES;
				INFOPLIST_KEY_UILaunchStoryboardName = LaunchScreen;
				INFOPLIST_KEY_UISupportedInterfaceOrientations_iPad = "UIInterfaceOrientationPortrait UIInterfaceOrientationPortraitUpsideDown UIInterfaceOrientationLandscapeLeft UIInterfaceOrientationLandscapeRight";
				INFOPLIST_KEY_UISupportedInterfaceOrientations_iPhone = "UIInterfaceOrientationPortrait UIInterfaceOrientationLandscapeLeft UIInterfaceOrientationLandscapeRight";
				LD_RUNPATH_SEARCH_PATHS = (
					"$(inherited)",
					"@executable_path/Frameworks",
				);
				MARKETING_VERSION = 1.0;
				PRODUCT_BUNDLE_IDENTIFIER = "com.ozguncanbeydili.Appcent-NewsApp";
				PRODUCT_NAME = "$(TARGET_NAME)";
				SWIFT_EMIT_LOC_STRINGS = YES;
				SWIFT_VERSION = 5.0;
				TARGETED_DEVICE_FAMILY = "1,2";
			};
			name = Release;
		};
/* End XCBuildConfiguration section */

/* Begin XCConfigurationList section */
		7776FF0D2BEBA9AC00AC1BDC /* Build configuration list for PBXProject "Appcent_NewsApp" */ = {
			isa = XCConfigurationList;
			buildConfigurations = (
				7776FF242BEBA9AE00AC1BDC /* Debug */,
				7776FF252BEBA9AE00AC1BDC /* Release */,
			);
			defaultConfigurationIsVisible = 0;
			defaultConfigurationName = Release;
		};
		7776FF262BEBA9AE00AC1BDC /* Build configuration list for PBXNativeTarget "Appcent_NewsApp" */ = {
			isa = XCConfigurationList;
			buildConfigurations = (
				7776FF272BEBA9AE00AC1BDC /* Debug */,
				7776FF282BEBA9AE00AC1BDC /* Release */,
			);
			defaultConfigurationIsVisible = 0;
			defaultConfigurationName = Release;
		};
/* End XCConfigurationList section */
	};
	rootObject = 7776FF0A2BEBA9AC00AC1BDC /* Project object */;
}
